
Microsoft Visual Studio Solution File, Format Version 12.00
# Visual Studio Version 16
VisualStudioVersion = 16.0.30907.101
MinimumVisualStudioVersion = 10.0.40219.1
Project("{FAE04EC0-301F-11D3-BF4B-00C04F79EFBC}") = "StockAnalysisWithSharesiesApp", "StockAnalysisWithSharesiesApp\StockAnalysisWithSharesiesApp.csproj", "{4EA7C1C6-47F7-4200-8174-8B292FEA6204}"
EndProject
Global
	GlobalSection(SolutionConfigurationPlatforms) = preSolution
		Debug|Any CPU = Debug|Any CPU
		Release|Any CPU = Release|Any CPU
	EndGlobalSection
	GlobalSection(ProjectConfigurationPlatforms) = postSolution
		{4EA7C1C6-47F7-4200-8174-8B292FEA6204}.Debug|Any CPU.ActiveCfg = Debug|Any CPU
		{4EA7C1C6-47F7-4200-8174-8B292FEA6204}.Debug|Any CPU.Build.0 = Debug|Any CPU
		{4EA7C1C6-47F7-4200-8174-8B292FEA6204}.Release|Any CPU.ActiveCfg = Release|Any CPU
		{4EA7C1C6-47F7-4200-8174-8B292FEA6204}.Release|Any CPU.Build.0 = Release|Any CPU
	EndGlobalSection
	GlobalSection(SolutionProperties) = preSolution
		HideSolutionNode = FALSE
	EndGlobalSection
	GlobalSection(ExtensibilityGlobals) = postSolution
		SolutionGuid = {07726E09-C133-4114-814F-1230CC20BC86}
	EndGlobalSection
EndGlobal
